
Microsoft Visual Studio Solution File, Format Version 12.00
# Visual Studio 15
VisualStudioVersion = 15.0.27130.2020
MinimumVisualStudioVersion = 10.0.40219.1
Project("{2150E333-8FDC-42A3-9474-1A3956D46DE8}") = "Katil.Business", "Katil.Business", "{2B021EAC-CED6-4C60-BDD2-408BA35645B7}"
EndProject
Project("{2150E333-8FDC-42A3-9474-1A3956D46DE8}") = "Katil.Data", "Katil.Data", "{3D3099F2-C68C-4256-B203-76B1E090FFBC}"
EndProject
Project("{9A19103F-16F7-4668-BE54-9A1E7A4F7556}") = "Katil.Data.Repositories", "Katil.Data.Repositories\Katil.Data.Repositories.csproj", "{77E35F84-8689-42BD-B3E8-0731F4716479}"
EndProject
Project("{2150E333-8FDC-42A3-9474-1A3956D46DE8}") = "Katil.WebAPI", "Katil.WebAPI", "{A2E62F85-0A9C-40E1-AA13-FCE1CEF48300}"
EndProject
Project("{FAE04EC0-301F-11D3-BF4B-00C04F79EFBC}") = "Katil.Business.Services", "Katil.Business.Services\Katil.Business.Services.csproj", "{B14BCAB6-4DD5-41C7-B5D5-2D18FD958292}"
EndProject
Project("{2150E333-8FDC-42A3-9474-1A3956D46DE8}") = "Katil.Common", "Katil.Common", "{8782684B-AFD2-4BFC-8E02-5B9F0332A560}"
EndProject
Project("{9A19103F-16F7-4668-BE54-9A1E7A4F7556}") = "Katil.Common.Utilities", "Katil.Common.Utilities\Katil.Common.Utilities.csproj", "{7F2B65F6-EA1B-4589-864D-97E9F8B04BC6}"
EndProject
Project("{2150E333-8FDC-42A3-9474-1A3956D46DE8}") = "Katil.Test", "Katil.Test", "{EB2C9274-964A-4F9B-AE96-4DC129BD487A}"
EndProject
Project("{9A19103F-16F7-4668-BE54-9A1E7A4F7556}") = "Katil.Test.Moqito", "Katil.Test.Moqito\Katil.Test.Moqito.csproj", "{77F3FBFD-D1DD-46F6-BF0A-90BD448FA2AD}"
EndProject
Project("{9A19103F-16F7-4668-BE54-9A1E7A4F7556}") = "Katil.Business.Services.Tests", "Katil.Business.Services.Tests\Katil.Business.Services.Tests.csproj", "{79678CC5-37A8-4568-91E0-1AFF78B5B660}"
EndProject
Project("{2150E333-8FDC-42A3-9474-1A3956D46DE8}") = "Katil.Scheduler", "Katil.Scheduler", "{54BADF7C-BE2C-4485-90A6-D585711E6A6B}"
EndProject
Project("{9A19103F-16F7-4668-BE54-9A1E7A4F7556}") = "Katil.Scheduler.Task", "Katil.Scheduler.Task\Katil.Scheduler.Task.csproj", "{8A7ACDD6-97AF-4B56-AF3F-1BEAD980D1CB}"
EndProject
Project("{9A19103F-16F7-4668-BE54-9A1E7A4F7556}") = "Katil.Business.Entities", "Katil.Business.Entities\Katil.Business.Entities.csproj", "{B4B020BF-F661-4344-BFCE-10860B2C7C76}"
EndProject
Project("{FAE04EC0-301F-11D3-BF4B-00C04F79EFBC}") = "Katil.WebAPI", "Katil.WebAPI\Katil.WebAPI.csproj", "{F450FB7B-3586-4DDE-8EF9-9FF60557D552}"
EndProject
Project("{9A19103F-16F7-4668-BE54-9A1E7A4F7556}") = "Katil.Data.Model", "Katil.Data.Model\Katil.Data.Model.csproj", "{75CB10E2-420F-4D49-92F6-76D3AEFE8A16}"
EndProject
Project("{E53339B2-1760-4266-BCC7-CA923CBCF16C}") = "docker-compose", "docker-compose.dcproj", "{B82BDC0D-3F99-46BD-9ED7-E32E6AC0246B}"
EndProject
Project("{2150E333-8FDC-42A3-9474-1A3956D46DE8}") = "Solution Items", "Solution Items", "{CB0E709E-EA71-48D0-8A73-84FBFECD8D96}"
	ProjectSection(SolutionItems) = preProject
		StyleCopeRules.ruleset = StyleCopeRules.ruleset
	EndProjectSection
EndProject
Project("{2150E333-8FDC-42A3-9474-1A3956D46DE8}") = "Katil.Messages", "Katil.Messages", "{C87D127C-FBC2-470F-B5CC-B92943FFB22C}"
EndProject
Project("{FAE04EC0-301F-11D3-BF4B-00C04F79EFBC}") = "Katil.Messages", "Katil.Messages\Katil.Messages.csproj", "{72E58E98-6EEC-48FB-A92E-87DEA6AF98C7}"
EndProject
Project("{2150E333-8FDC-42A3-9474-1A3956D46DE8}") = "Katil.Services", "Katil.Services", "{07C7656D-B0CB-4331-AB34-071BFBA8B82E}"
EndProject
Project("{FAE04EC0-301F-11D3-BF4B-00C04F79EFBC}") = "Katil.Business.Services.IntegrationEvents", "Katil.Business.Services.IntegrationEvents\Katil.Business.Services.IntegrationEvents.csproj", "{536025B9-8BD2-4BD1-A291-B028FB839443}"
EndProject
Project("{2150E333-8FDC-42A3-9474-1A3956D46DE8}") = "PdfConvertor", "PdfConvertor", "{A9AA5AA2-2AA2-423A-8A28-7A6A54AD1B2F}"
EndProject
Project("{FAE04EC0-301F-11D3-BF4B-00C04F79EFBC}") = "PdfService", "Katil.Services\PdfConvertor\PdfService\PdfService.csproj", "{A3B5A40E-0BDB-486D-AC80-2647D7EEDA51}"
EndProject
Project("{2150E333-8FDC-42A3-9474-1A3956D46DE8}") = "EmailGenerator", "EmailGenerator", "{C28D25CA-9294-4CB8-8972-2D1EC676738F}"
EndProject
Project("{2150E333-8FDC-42A3-9474-1A3956D46DE8}") = "EmailNotification", "EmailNotification", "{108BF341-8074-4AB3-B14C-4F50C002F9BD}"
EndProject
Project("{FAE04EC0-301F-11D3-BF4B-00C04F79EFBC}") = "EmailGeneratorService", "Katil.Services\EmailGenerator\EmailGeneratorService\EmailGeneratorService.csproj", "{571B8E30-85DB-454C-8553-985BBE6EFEF4}"
EndProject
Project("{FAE04EC0-301F-11D3-BF4B-00C04F79EFBC}") = "EmailNotificationService", "Katil.Services\EmailNotification\EmailNotificationService\EmailNotificationService.csproj", "{C0D3C6AC-139B-4F14-A11D-3C2BE68B04E4}"
EndProject
Global
	GlobalSection(SolutionConfigurationPlatforms) = preSolution
		Debug|Any CPU = Debug|Any CPU
		DevServer|Any CPU = DevServer|Any CPU
		Release|Any CPU = Release|Any CPU
		StagingServer|Any CPU = StagingServer|Any CPU
	EndGlobalSection
	GlobalSection(ProjectConfigurationPlatforms) = postSolution
		{77E35F84-8689-42BD-B3E8-0731F4716479}.Debug|Any CPU.ActiveCfg = Debug|Any CPU
		{77E35F84-8689-42BD-B3E8-0731F4716479}.Debug|Any CPU.Build.0 = Debug|Any CPU
		{77E35F84-8689-42BD-B3E8-0731F4716479}.DevServer|Any CPU.ActiveCfg = DevServer|Any CPU
		{77E35F84-8689-42BD-B3E8-0731F4716479}.DevServer|Any CPU.Build.0 = DevServer|Any CPU
		{77E35F84-8689-42BD-B3E8-0731F4716479}.Release|Any CPU.ActiveCfg = Release|Any CPU
		{77E35F84-8689-42BD-B3E8-0731F4716479}.Release|Any CPU.Build.0 = Release|Any CPU
		{77E35F84-8689-42BD-B3E8-0731F4716479}.StagingServer|Any CPU.ActiveCfg = StagingServer|Any CPU
		{77E35F84-8689-42BD-B3E8-0731F4716479}.StagingServer|Any CPU.Build.0 = StagingServer|Any CPU
		{B14BCAB6-4DD5-41C7-B5D5-2D18FD958292}.Debug|Any CPU.ActiveCfg = Debug|Any CPU
		{B14BCAB6-4DD5-41C7-B5D5-2D18FD958292}.Debug|Any CPU.Build.0 = Debug|Any CPU
		{B14BCAB6-4DD5-41C7-B5D5-2D18FD958292}.DevServer|Any CPU.ActiveCfg = DevServer|Any CPU
		{B14BCAB6-4DD5-41C7-B5D5-2D18FD958292}.DevServer|Any CPU.Build.0 = DevServer|Any CPU
		{B14BCAB6-4DD5-41C7-B5D5-2D18FD958292}.Release|Any CPU.ActiveCfg = Release|Any CPU
		{B14BCAB6-4DD5-41C7-B5D5-2D18FD958292}.Release|Any CPU.Build.0 = Release|Any CPU
		{B14BCAB6-4DD5-41C7-B5D5-2D18FD958292}.StagingServer|Any CPU.ActiveCfg = StagingServer|Any CPU
		{B14BCAB6-4DD5-41C7-B5D5-2D18FD958292}.StagingServer|Any CPU.Build.0 = StagingServer|Any CPU
		{7F2B65F6-EA1B-4589-864D-97E9F8B04BC6}.Debug|Any CPU.ActiveCfg = Debug|Any CPU
		{7F2B65F6-EA1B-4589-864D-97E9F8B04BC6}.Debug|Any CPU.Build.0 = Debug|Any CPU
		{7F2B65F6-EA1B-4589-864D-97E9F8B04BC6}.DevServer|Any CPU.ActiveCfg = DevServer|Any CPU
		{7F2B65F6-EA1B-4589-864D-97E9F8B04BC6}.DevServer|Any CPU.Build.0 = DevServer|Any CPU
		{7F2B65F6-EA1B-4589-864D-97E9F8B04BC6}.Release|Any CPU.ActiveCfg = Release|Any CPU
		{7F2B65F6-EA1B-4589-864D-97E9F8B04BC6}.Release|Any CPU.Build.0 = Release|Any CPU
		{7F2B65F6-EA1B-4589-864D-97E9F8B04BC6}.StagingServer|Any CPU.ActiveCfg = StagingServer|Any CPU
		{7F2B65F6-EA1B-4589-864D-97E9F8B04BC6}.StagingServer|Any CPU.Build.0 = StagingServer|Any CPU
		{77F3FBFD-D1DD-46F6-BF0A-90BD448FA2AD}.Debug|Any CPU.ActiveCfg = Debug|Any CPU
		{77F3FBFD-D1DD-46F6-BF0A-90BD448FA2AD}.Debug|Any CPU.Build.0 = Debug|Any CPU
		{77F3FBFD-D1DD-46F6-BF0A-90BD448FA2AD}.DevServer|Any CPU.ActiveCfg = DevServer|Any CPU
		{77F3FBFD-D1DD-46F6-BF0A-90BD448FA2AD}.DevServer|Any CPU.Build.0 = DevServer|Any CPU
		{77F3FBFD-D1DD-46F6-BF0A-90BD448FA2AD}.Release|Any CPU.ActiveCfg = Release|Any CPU
		{77F3FBFD-D1DD-46F6-BF0A-90BD448FA2AD}.Release|Any CPU.Build.0 = Release|Any CPU
		{77F3FBFD-D1DD-46F6-BF0A-90BD448FA2AD}.StagingServer|Any CPU.ActiveCfg = StagingServer|Any CPU
		{77F3FBFD-D1DD-46F6-BF0A-90BD448FA2AD}.StagingServer|Any CPU.Build.0 = StagingServer|Any CPU
		{79678CC5-37A8-4568-91E0-1AFF78B5B660}.Debug|Any CPU.ActiveCfg = Debug|Any CPU
		{79678CC5-37A8-4568-91E0-1AFF78B5B660}.Debug|Any CPU.Build.0 = Debug|Any CPU
		{79678CC5-37A8-4568-91E0-1AFF78B5B660}.DevServer|Any CPU.ActiveCfg = DevServer|Any CPU
		{79678CC5-37A8-4568-91E0-1AFF78B5B660}.DevServer|Any CPU.Build.0 = DevServer|Any CPU
		{79678CC5-37A8-4568-91E0-1AFF78B5B660}.Release|Any CPU.ActiveCfg = Release|Any CPU
		{79678CC5-37A8-4568-91E0-1AFF78B5B660}.Release|Any CPU.Build.0 = Release|Any CPU
		{79678CC5-37A8-4568-91E0-1AFF78B5B660}.StagingServer|Any CPU.ActiveCfg = StagingServer|Any CPU
		{79678CC5-37A8-4568-91E0-1AFF78B5B660}.StagingServer|Any CPU.Build.0 = StagingServer|Any CPU
		{8A7ACDD6-97AF-4B56-AF3F-1BEAD980D1CB}.Debug|Any CPU.ActiveCfg = Debug|Any CPU
		{8A7ACDD6-97AF-4B56-AF3F-1BEAD980D1CB}.Debug|Any CPU.Build.0 = Debug|Any CPU
		{8A7ACDD6-97AF-4B56-AF3F-1BEAD980D1CB}.DevServer|Any CPU.ActiveCfg = DevServer|Any CPU
		{8A7ACDD6-97AF-4B56-AF3F-1BEAD980D1CB}.DevServer|Any CPU.Build.0 = DevServer|Any CPU
		{8A7ACDD6-97AF-4B56-AF3F-1BEAD980D1CB}.Release|Any CPU.ActiveCfg = Release|Any CPU
		{8A7ACDD6-97AF-4B56-AF3F-1BEAD980D1CB}.Release|Any CPU.Build.0 = Release|Any CPU
		{8A7ACDD6-97AF-4B56-AF3F-1BEAD980D1CB}.StagingServer|Any CPU.ActiveCfg = StagingServer|Any CPU
		{8A7ACDD6-97AF-4B56-AF3F-1BEAD980D1CB}.StagingServer|Any CPU.Build.0 = StagingServer|Any CPU
		{B4B020BF-F661-4344-BFCE-10860B2C7C76}.Debug|Any CPU.ActiveCfg = Debug|Any CPU
		{B4B020BF-F661-4344-BFCE-10860B2C7C76}.Debug|Any CPU.Build.0 = Debug|Any CPU
		{B4B020BF-F661-4344-BFCE-10860B2C7C76}.DevServer|Any CPU.ActiveCfg = DevServer|Any CPU
		{B4B020BF-F661-4344-BFCE-10860B2C7C76}.DevServer|Any CPU.Build.0 = DevServer|Any CPU
		{B4B020BF-F661-4344-BFCE-10860B2C7C76}.Release|Any CPU.ActiveCfg = Release|Any CPU
		{B4B020BF-F661-4344-BFCE-10860B2C7C76}.Release|Any CPU.Build.0 = Release|Any CPU
		{B4B020BF-F661-4344-BFCE-10860B2C7C76}.StagingServer|Any CPU.ActiveCfg = StagingServer|Any CPU
		{B4B020BF-F661-4344-BFCE-10860B2C7C76}.StagingServer|Any CPU.Build.0 = StagingServer|Any CPU
		{F450FB7B-3586-4DDE-8EF9-9FF60557D552}.Debug|Any CPU.ActiveCfg = Debug|Any CPU
		{F450FB7B-3586-4DDE-8EF9-9FF60557D552}.Debug|Any CPU.Build.0 = Debug|Any CPU
		{F450FB7B-3586-4DDE-8EF9-9FF60557D552}.DevServer|Any CPU.ActiveCfg = DevServer|Any CPU
		{F450FB7B-3586-4DDE-8EF9-9FF60557D552}.DevServer|Any CPU.Build.0 = DevServer|Any CPU
		{F450FB7B-3586-4DDE-8EF9-9FF60557D552}.Release|Any CPU.ActiveCfg = Release|Any CPU
		{F450FB7B-3586-4DDE-8EF9-9FF60557D552}.Release|Any CPU.Build.0 = Release|Any CPU
		{F450FB7B-3586-4DDE-8EF9-9FF60557D552}.StagingServer|Any CPU.ActiveCfg = StagingServer|Any CPU
		{F450FB7B-3586-4DDE-8EF9-9FF60557D552}.StagingServer|Any CPU.Build.0 = StagingServer|Any CPU
		{75CB10E2-420F-4D49-92F6-76D3AEFE8A16}.Debug|Any CPU.ActiveCfg = Debug|Any CPU
		{75CB10E2-420F-4D49-92F6-76D3AEFE8A16}.Debug|Any CPU.Build.0 = Debug|Any CPU
		{75CB10E2-420F-4D49-92F6-76D3AEFE8A16}.DevServer|Any CPU.ActiveCfg = Debug|Any CPU
		{75CB10E2-420F-4D49-92F6-76D3AEFE8A16}.DevServer|Any CPU.Build.0 = Debug|Any CPU
		{75CB10E2-420F-4D49-92F6-76D3AEFE8A16}.Release|Any CPU.ActiveCfg = Release|Any CPU
		{75CB10E2-420F-4D49-92F6-76D3AEFE8A16}.Release|Any CPU.Build.0 = Release|Any CPU
		{75CB10E2-420F-4D49-92F6-76D3AEFE8A16}.StagingServer|Any CPU.ActiveCfg = Debug|Any CPU
		{75CB10E2-420F-4D49-92F6-76D3AEFE8A16}.StagingServer|Any CPU.Build.0 = Debug|Any CPU
		{B82BDC0D-3F99-46BD-9ED7-E32E6AC0246B}.Debug|Any CPU.ActiveCfg = Debug|Any CPU
		{B82BDC0D-3F99-46BD-9ED7-E32E6AC0246B}.DevServer|Any CPU.ActiveCfg = Debug|Any CPU
		{B82BDC0D-3F99-46BD-9ED7-E32E6AC0246B}.Release|Any CPU.ActiveCfg = Release|Any CPU
		{B82BDC0D-3F99-46BD-9ED7-E32E6AC0246B}.StagingServer|Any CPU.ActiveCfg = Debug|Any CPU
		{B6BA6FB0-4E5D-45FF-B9FC-8407766375E1}.Debug|Any CPU.ActiveCfg = Debug|Any CPU
		{B6BA6FB0-4E5D-45FF-B9FC-8407766375E1}.Debug|Any CPU.Build.0 = Debug|Any CPU
		{B6BA6FB0-4E5D-45FF-B9FC-8407766375E1}.DevServer|Any CPU.ActiveCfg = Debug|Any CPU
		{B6BA6FB0-4E5D-45FF-B9FC-8407766375E1}.DevServer|Any CPU.Build.0 = Debug|Any CPU
		{B6BA6FB0-4E5D-45FF-B9FC-8407766375E1}.Release|Any CPU.ActiveCfg = Release|Any CPU
		{B6BA6FB0-4E5D-45FF-B9FC-8407766375E1}.Release|Any CPU.Build.0 = Release|Any CPU
		{B6BA6FB0-4E5D-45FF-B9FC-8407766375E1}.StagingServer|Any CPU.ActiveCfg = Release|Any CPU
		{B6BA6FB0-4E5D-45FF-B9FC-8407766375E1}.StagingServer|Any CPU.Build.0 = Release|Any CPU
		{72E58E98-6EEC-48FB-A92E-87DEA6AF98C7}.Debug|Any CPU.ActiveCfg = Debug|Any CPU
		{72E58E98-6EEC-48FB-A92E-87DEA6AF98C7}.Debug|Any CPU.Build.0 = Debug|Any CPU
		{72E58E98-6EEC-48FB-A92E-87DEA6AF98C7}.DevServer|Any CPU.ActiveCfg = Release|Any CPU
		{72E58E98-6EEC-48FB-A92E-87DEA6AF98C7}.DevServer|Any CPU.Build.0 = Release|Any CPU
		{72E58E98-6EEC-48FB-A92E-87DEA6AF98C7}.Release|Any CPU.ActiveCfg = Release|Any CPU
		{72E58E98-6EEC-48FB-A92E-87DEA6AF98C7}.Release|Any CPU.Build.0 = Release|Any CPU
		{72E58E98-6EEC-48FB-A92E-87DEA6AF98C7}.StagingServer|Any CPU.ActiveCfg = Release|Any CPU
		{72E58E98-6EEC-48FB-A92E-87DEA6AF98C7}.StagingServer|Any CPU.Build.0 = Release|Any CPU
		{536025B9-8BD2-4BD1-A291-B028FB839443}.Debug|Any CPU.ActiveCfg = Debug|Any CPU
		{536025B9-8BD2-4BD1-A291-B028FB839443}.Debug|Any CPU.Build.0 = Debug|Any CPU
		{536025B9-8BD2-4BD1-A291-B028FB839443}.DevServer|Any CPU.ActiveCfg = Release|Any CPU
		{536025B9-8BD2-4BD1-A291-B028FB839443}.DevServer|Any CPU.Build.0 = Release|Any CPU
		{536025B9-8BD2-4BD1-A291-B028FB839443}.Release|Any CPU.ActiveCfg = Release|Any CPU
		{536025B9-8BD2-4BD1-A291-B028FB839443}.Release|Any CPU.Build.0 = Release|Any CPU
		{536025B9-8BD2-4BD1-A291-B028FB839443}.StagingServer|Any CPU.ActiveCfg = Release|Any CPU
		{536025B9-8BD2-4BD1-A291-B028FB839443}.StagingServer|Any CPU.Build.0 = Release|Any CPU
		{A3B5A40E-0BDB-486D-AC80-2647D7EEDA51}.Debug|Any CPU.ActiveCfg = Debug|Any CPU
		{A3B5A40E-0BDB-486D-AC80-2647D7EEDA51}.Debug|Any CPU.Build.0 = Debug|Any CPU
		{A3B5A40E-0BDB-486D-AC80-2647D7EEDA51}.DevServer|Any CPU.ActiveCfg = Release|Any CPU
		{A3B5A40E-0BDB-486D-AC80-2647D7EEDA51}.DevServer|Any CPU.Build.0 = Release|Any CPU
		{A3B5A40E-0BDB-486D-AC80-2647D7EEDA51}.Release|Any CPU.ActiveCfg = Release|Any CPU
		{A3B5A40E-0BDB-486D-AC80-2647D7EEDA51}.Release|Any CPU.Build.0 = Release|Any CPU
		{A3B5A40E-0BDB-486D-AC80-2647D7EEDA51}.StagingServer|Any CPU.ActiveCfg = Release|Any CPU
		{A3B5A40E-0BDB-486D-AC80-2647D7EEDA51}.StagingServer|Any CPU.Build.0 = Release|Any CPU
		{571B8E30-85DB-454C-8553-985BBE6EFEF4}.Debug|Any CPU.ActiveCfg = Debug|Any CPU
		{571B8E30-85DB-454C-8553-985BBE6EFEF4}.Debug|Any CPU.Build.0 = Debug|Any CPU
		{571B8E30-85DB-454C-8553-985BBE6EFEF4}.DevServer|Any CPU.ActiveCfg = DevServer|Any CPU
		{571B8E30-85DB-454C-8553-985BBE6EFEF4}.DevServer|Any CPU.Build.0 = DevServer|Any CPU
		{571B8E30-85DB-454C-8553-985BBE6EFEF4}.Release|Any CPU.ActiveCfg = Release|Any CPU
		{571B8E30-85DB-454C-8553-985BBE6EFEF4}.Release|Any CPU.Build.0 = Release|Any CPU
		{571B8E30-85DB-454C-8553-985BBE6EFEF4}.StagingServer|Any CPU.ActiveCfg = StagingServer|Any CPU
		{571B8E30-85DB-454C-8553-985BBE6EFEF4}.StagingServer|Any CPU.Build.0 = StagingServer|Any CPU
		{C0D3C6AC-139B-4F14-A11D-3C2BE68B04E4}.Debug|Any CPU.ActiveCfg = Debug|Any CPU
		{C0D3C6AC-139B-4F14-A11D-3C2BE68B04E4}.Debug|Any CPU.Build.0 = Debug|Any CPU
		{C0D3C6AC-139B-4F14-A11D-3C2BE68B04E4}.DevServer|Any CPU.ActiveCfg = DevServer|Any CPU
		{C0D3C6AC-139B-4F14-A11D-3C2BE68B04E4}.DevServer|Any CPU.Build.0 = DevServer|Any CPU
		{C0D3C6AC-139B-4F14-A11D-3C2BE68B04E4}.Release|Any CPU.ActiveCfg = Release|Any CPU
		{C0D3C6AC-139B-4F14-A11D-3C2BE68B04E4}.Release|Any CPU.Build.0 = Release|Any CPU
		{C0D3C6AC-139B-4F14-A11D-3C2BE68B04E4}.StagingServer|Any CPU.ActiveCfg = StagingServer|Any CPU
		{C0D3C6AC-139B-4F14-A11D-3C2BE68B04E4}.StagingServer|Any CPU.Build.0 = StagingServer|Any CPU
	EndGlobalSection
	GlobalSection(SolutionProperties) = preSolution
		HideSolutionNode = FALSE
	EndGlobalSection
	GlobalSection(NestedProjects) = preSolution
		{77E35F84-8689-42BD-B3E8-0731F4716479} = {3D3099F2-C68C-4256-B203-76B1E090FFBC}
		{B14BCAB6-4DD5-41C7-B5D5-2D18FD958292} = {2B021EAC-CED6-4C60-BDD2-408BA35645B7}
		{7F2B65F6-EA1B-4589-864D-97E9F8B04BC6} = {8782684B-AFD2-4BFC-8E02-5B9F0332A560}
		{77F3FBFD-D1DD-46F6-BF0A-90BD448FA2AD} = {EB2C9274-964A-4F9B-AE96-4DC129BD487A}
		{79678CC5-37A8-4568-91E0-1AFF78B5B660} = {2B021EAC-CED6-4C60-BDD2-408BA35645B7}
		{8A7ACDD6-97AF-4B56-AF3F-1BEAD980D1CB} = {54BADF7C-BE2C-4485-90A6-D585711E6A6B}
		{B4B020BF-F661-4344-BFCE-10860B2C7C76} = {2B021EAC-CED6-4C60-BDD2-408BA35645B7}
		{F450FB7B-3586-4DDE-8EF9-9FF60557D552} = {A2E62F85-0A9C-40E1-AA13-FCE1CEF48300}
		{75CB10E2-420F-4D49-92F6-76D3AEFE8A16} = {3D3099F2-C68C-4256-B203-76B1E090FFBC}
		{B6BA6FB0-4E5D-45FF-B9FC-8407766375E1} = {9E34D506-4DBF-4B75-9A55-0E1548873673}
		{72E58E98-6EEC-48FB-A92E-87DEA6AF98C7} = {C87D127C-FBC2-470F-B5CC-B92943FFB22C}
		{536025B9-8BD2-4BD1-A291-B028FB839443} = {2B021EAC-CED6-4C60-BDD2-408BA35645B7}
		{A9AA5AA2-2AA2-423A-8A28-7A6A54AD1B2F} = {07C7656D-B0CB-4331-AB34-071BFBA8B82E}
		{A3B5A40E-0BDB-486D-AC80-2647D7EEDA51} = {A9AA5AA2-2AA2-423A-8A28-7A6A54AD1B2F}
		{C28D25CA-9294-4CB8-8972-2D1EC676738F} = {07C7656D-B0CB-4331-AB34-071BFBA8B82E}
		{108BF341-8074-4AB3-B14C-4F50C002F9BD} = {07C7656D-B0CB-4331-AB34-071BFBA8B82E}
		{571B8E30-85DB-454C-8553-985BBE6EFEF4} = {C28D25CA-9294-4CB8-8972-2D1EC676738F}
		{C0D3C6AC-139B-4F14-A11D-3C2BE68B04E4} = {108BF341-8074-4AB3-B14C-4F50C002F9BD}
	EndGlobalSection
	GlobalSection(ExtensibilityGlobals) = postSolution
		SolutionGuid = {0D02A5CD-BDDC-46D1-BF01-4A0C3D7B1E90}
	EndGlobalSection
EndGlobal
